// !$*UTF8*$!
{
	archiveVersion = 1;
	classes = {
	};
	objectVersion = 46;
	objects = {

/* Begin PBXBuildFile section */
		228A975D1CCA70570025AA6C /* FillupTableViewController.swift in Sources */ = {isa = PBXBuildFile; fileRef = 228A975C1CCA70570025AA6C /* FillupTableViewController.swift */; };
		22B8B7411CBEE7AE00B037C3 /* CreateReminderViewController.swift in Sources */ = {isa = PBXBuildFile; fileRef = 22B8B7401CBEE7AE00B037C3 /* CreateReminderViewController.swift */; };
		22B8B7431CBEEF8B00B037C3 /* MaintenanceTableViewController.swift in Sources */ = {isa = PBXBuildFile; fileRef = 22B8B7421CBEEF8B00B037C3 /* MaintenanceTableViewController.swift */; };
		22B8B7451CBEEF9E00B037C3 /* MaintenanceTableViewCell.swift in Sources */ = {isa = PBXBuildFile; fileRef = 22B8B7441CBEEF9E00B037C3 /* MaintenanceTableViewCell.swift */; };
		22B8B7471CBEF65900B037C3 /* MyReminders.swift in Sources */ = {isa = PBXBuildFile; fileRef = 22B8B7461CBEF65900B037C3 /* MyReminders.swift */; };
		22D655BD1C9D193D00F06E00 /* CarTableViewCell.swift in Sources */ = {isa = PBXBuildFile; fileRef = 22D655BC1C9D193D00F06E00 /* CarTableViewCell.swift */; };
		22D655C11C9D1D3300F06E00 /* CarTableViewController.swift in Sources */ = {isa = PBXBuildFile; fileRef = 22D655C01C9D1D3300F06E00 /* CarTableViewController.swift */; };
		22D655C31C9D1DD200F06E00 /* MyCars.swift in Sources */ = {isa = PBXBuildFile; fileRef = 22D655C21C9D1DD200F06E00 /* MyCars.swift */; };
		22D655C51CA1B93500F06E00 /* AddCarViewController.swift in Sources */ = {isa = PBXBuildFile; fileRef = 22D655C41CA1B93500F06E00 /* AddCarViewController.swift */; };
		35A43F2D1CC70C9A00711811 /* AddRecordsViewController.swift in Sources */ = {isa = PBXBuildFile; fileRef = 35A43F2C1CC70C9A00711811 /* AddRecordsViewController.swift */; };
		35A43F2F1CC70DF700711811 /* RecordsTableViewController.swift in Sources */ = {isa = PBXBuildFile; fileRef = 35A43F2E1CC70DF700711811 /* RecordsTableViewController.swift */; };
		AE234A911CC2CD6E00C21BC7 /* GasMileageViewController.swift in Sources */ = {isa = PBXBuildFile; fileRef = AE234A901CC2CD6E00C21BC7 /* GasMileageViewController.swift */; };
		AE234A931CC2DEA500C21BC7 /* GasFillup.swift in Sources */ = {isa = PBXBuildFile; fileRef = AE234A921CC2DEA500C21BC7 /* GasFillup.swift */; };
		AE234A951CC2E31800C21BC7 /* AddGasFillupViewController.swift in Sources */ = {isa = PBXBuildFile; fileRef = AE234A941CC2E31800C21BC7 /* AddGasFillupViewController.swift */; };
		AE73B5491CC5E95B008D91B9 /* TabBarController.swift in Sources */ = {isa = PBXBuildFile; fileRef = AE73B5481CC5E95B008D91B9 /* TabBarController.swift */; };
		AE95CC3B1CC875410007A447 /* FillupTableViewCell.swift in Sources */ = {isa = PBXBuildFile; fileRef = AE95CC3A1CC875410007A447 /* FillupTableViewCell.swift */; };
		AEA8F3CA1C822E6500C16E70 /* AppDelegate.swift in Sources */ = {isa = PBXBuildFile; fileRef = AEA8F3C91C822E6500C16E70 /* AppDelegate.swift */; };
		AEA8F3D11C822E6500C16E70 /* Main.storyboard in Resources */ = {isa = PBXBuildFile; fileRef = AEA8F3CF1C822E6500C16E70 /* Main.storyboard */; };
		AEA8F3D31C822E6500C16E70 /* Assets.xcassets in Resources */ = {isa = PBXBuildFile; fileRef = AEA8F3D21C822E6500C16E70 /* Assets.xcassets */; };
		AEA8F3D61C822E6500C16E70 /* LaunchScreen.storyboard in Resources */ = {isa = PBXBuildFile; fileRef = AEA8F3D41C822E6500C16E70 /* LaunchScreen.storyboard */; };
		AEA8F3E11C822E6500C16E70 /* CarKeeper1_0Tests.swift in Sources */ = {isa = PBXBuildFile; fileRef = AEA8F3E01C822E6500C16E70 /* CarKeeper1_0Tests.swift */; };
		AEA8F3EC1C822E6500C16E70 /* CarKeeper1_0UITests.swift in Sources */ = {isa = PBXBuildFile; fileRef = AEA8F3EB1C822E6500C16E70 /* CarKeeper1_0UITests.swift */; };
/* End PBXBuildFile section */

/* Begin PBXContainerItemProxy section */
		AEA8F3DD1C822E6500C16E70 /* PBXContainerItemProxy */ = {
			isa = PBXContainerItemProxy;
			containerPortal = AEA8F3BE1C822E6500C16E70 /* Project object */;
			proxyType = 1;
			remoteGlobalIDString = AEA8F3C51C822E6500C16E70;
			remoteInfo = CarKeeper1.0;
		};
		AEA8F3E81C822E6500C16E70 /* PBXContainerItemProxy */ = {
			isa = PBXContainerItemProxy;
			containerPortal = AEA8F3BE1C822E6500C16E70 /* Project object */;
			proxyType = 1;
			remoteGlobalIDString = AEA8F3C51C822E6500C16E70;
			remoteInfo = CarKeeper1.0;
		};
/* End PBXContainerItemProxy section */

/* Begin PBXCopyFilesBuildPhase section */
		AE234A4C1CC2B8B400C21BC7 /* Embed Frameworks */ = {
			isa = PBXCopyFilesBuildPhase;
			buildActionMask = 2147483647;
			dstPath = "";
			dstSubfolderSpec = 10;
			files = (
			);
			name = "Embed Frameworks";
			runOnlyForDeploymentPostprocessing = 0;
		};
/* End PBXCopyFilesBuildPhase section */

/* Begin PBXFileReference section */
		228A975C1CCA70570025AA6C /* FillupTableViewController.swift */ = {isa = PBXFileReference; fileEncoding = 4; lastKnownFileType = sourcecode.swift; path = FillupTableViewController.swift; sourceTree = "<group>"; };
		22B8B7401CBEE7AE00B037C3 /* CreateReminderViewController.swift */ = {isa = PBXFileReference; fileEncoding = 4; lastKnownFileType = sourcecode.swift; path = CreateReminderViewController.swift; sourceTree = "<group>"; };
		22B8B7421CBEEF8B00B037C3 /* MaintenanceTableViewController.swift */ = {isa = PBXFileReference; fileEncoding = 4; lastKnownFileType = sourcecode.swift; path = MaintenanceTableViewController.swift; sourceTree = "<group>"; };
		22B8B7441CBEEF9E00B037C3 /* MaintenanceTableViewCell.swift */ = {isa = PBXFileReference; fileEncoding = 4; lastKnownFileType = sourcecode.swift; path = MaintenanceTableViewCell.swift; sourceTree = "<group>"; };
		22B8B7461CBEF65900B037C3 /* MyReminders.swift */ = {isa = PBXFileReference; fileEncoding = 4; lastKnownFileType = sourcecode.swift; path = MyReminders.swift; sourceTree = "<group>"; };
		22D655BC1C9D193D00F06E00 /* CarTableViewCell.swift */ = {isa = PBXFileReference; fileEncoding = 4; lastKnownFileType = sourcecode.swift; path = CarTableViewCell.swift; sourceTree = "<group>"; };
		22D655C01C9D1D3300F06E00 /* CarTableViewController.swift */ = {isa = PBXFileReference; fileEncoding = 4; lastKnownFileType = sourcecode.swift; path = CarTableViewController.swift; sourceTree = "<group>"; };
		22D655C21C9D1DD200F06E00 /* MyCars.swift */ = {isa = PBXFileReference; fileEncoding = 4; lastKnownFileType = sourcecode.swift; path = MyCars.swift; sourceTree = "<group>"; };
		22D655C41CA1B93500F06E00 /* AddCarViewController.swift */ = {isa = PBXFileReference; fileEncoding = 4; lastKnownFileType = sourcecode.swift; path = AddCarViewController.swift; sourceTree = "<group>"; };
		35A43F2C1CC70C9A00711811 /* AddRecordsViewController.swift */ = {isa = PBXFileReference; fileEncoding = 4; lastKnownFileType = sourcecode.swift; name = AddRecordsViewController.swift; path = ../AddRecordsViewController.swift; sourceTree = "<group>"; };
		35A43F2E1CC70DF700711811 /* RecordsTableViewController.swift */ = {isa = PBXFileReference; fileEncoding = 4; lastKnownFileType = sourcecode.swift; path = RecordsTableViewController.swift; sourceTree = "<group>"; };
		AE234A901CC2CD6E00C21BC7 /* GasMileageViewController.swift */ = {isa = PBXFileReference; fileEncoding = 4; lastKnownFileType = sourcecode.swift; path = GasMileageViewController.swift; sourceTree = "<group>"; };
		AE234A921CC2DEA500C21BC7 /* GasFillup.swift */ = {isa = PBXFileReference; fileEncoding = 4; lastKnownFileType = sourcecode.swift; path = GasFillup.swift; sourceTree = "<group>"; };
		AE234A941CC2E31800C21BC7 /* AddGasFillupViewController.swift */ = {isa = PBXFileReference; fileEncoding = 4; lastKnownFileType = sourcecode.swift; path = AddGasFillupViewController.swift; sourceTree = "<group>"; };
		AE73B5481CC5E95B008D91B9 /* TabBarController.swift */ = {isa = PBXFileReference; fileEncoding = 4; lastKnownFileType = sourcecode.swift; path = TabBarController.swift; sourceTree = "<group>"; };
		AE95CC3A1CC875410007A447 /* FillupTableViewCell.swift */ = {isa = PBXFileReference; fileEncoding = 4; lastKnownFileType = sourcecode.swift; name = FillupTableViewCell.swift; path = ../FillupTableViewCell.swift; sourceTree = "<group>"; };
		AEA8F3C61C822E6500C16E70 /* CarKeeper1.0.app */ = {isa = PBXFileReference; explicitFileType = wrapper.application; includeInIndex = 0; path = CarKeeper1.0.app; sourceTree = BUILT_PRODUCTS_DIR; };
		AEA8F3C91C822E6500C16E70 /* AppDelegate.swift */ = {isa = PBXFileReference; lastKnownFileType = sourcecode.swift; path = AppDelegate.swift; sourceTree = "<group>"; xcLanguageSpecificationIdentifier = xcode.lang.swift; };
		AEA8F3D01C822E6500C16E70 /* Base */ = {isa = PBXFileReference; lastKnownFileType = file.storyboard; name = Base; path = Base.lproj/Main.storyboard; sourceTree = "<group>"; };
		AEA8F3D21C822E6500C16E70 /* Assets.xcassets */ = {isa = PBXFileReference; lastKnownFileType = folder.assetcatalog; path = Assets.xcassets; sourceTree = "<group>"; };
		AEA8F3D51C822E6500C16E70 /* Base */ = {isa = PBXFileReference; lastKnownFileType = file.storyboard; name = Base; path = Base.lproj/LaunchScreen.storyboard; sourceTree = "<group>"; };
		AEA8F3D71C822E6500C16E70 /* Info.plist */ = {isa = PBXFileReference; lastKnownFileType = text.plist.xml; path = Info.plist; sourceTree = "<group>"; };
		AEA8F3DC1C822E6500C16E70 /* CarKeeper1.0Tests.xctest */ = {isa = PBXFileReference; explicitFileType = wrapper.cfbundle; includeInIndex = 0; path = CarKeeper1.0Tests.xctest; sourceTree = BUILT_PRODUCTS_DIR; };
		AEA8F3E01C822E6500C16E70 /* CarKeeper1_0Tests.swift */ = {isa = PBXFileReference; lastKnownFileType = sourcecode.swift; path = CarKeeper1_0Tests.swift; sourceTree = "<group>"; };
		AEA8F3E21C822E6500C16E70 /* Info.plist */ = {isa = PBXFileReference; lastKnownFileType = text.plist.xml; path = Info.plist; sourceTree = "<group>"; };
		AEA8F3E71C822E6500C16E70 /* CarKeeper1.0UITests.xctest */ = {isa = PBXFileReference; explicitFileType = wrapper.cfbundle; includeInIndex = 0; path = CarKeeper1.0UITests.xctest; sourceTree = BUILT_PRODUCTS_DIR; };
		AEA8F3EB1C822E6500C16E70 /* CarKeeper1_0UITests.swift */ = {isa = PBXFileReference; lastKnownFileType = sourcecode.swift; path = CarKeeper1_0UITests.swift; sourceTree = "<group>"; };
		AEA8F3ED1C822E6500C16E70 /* Info.plist */ = {isa = PBXFileReference; lastKnownFileType = text.plist.xml; path = Info.plist; sourceTree = "<group>"; };
/* End PBXFileReference section */

/* Begin PBXFrameworksBuildPhase section */
		AEA8F3C31C822E6500C16E70 /* Frameworks */ = {
			isa = PBXFrameworksBuildPhase;
			buildActionMask = 2147483647;
			files = (
			);
			runOnlyForDeploymentPostprocessing = 0;
		};
		AEA8F3D91C822E6500C16E70 /* Frameworks */ = {
			isa = PBXFrameworksBuildPhase;
			buildActionMask = 2147483647;
			files = (
			);
			runOnlyForDeploymentPostprocessing = 0;
		};
		AEA8F3E41C822E6500C16E70 /* Frameworks */ = {
			isa = PBXFrameworksBuildPhase;
			buildActionMask = 2147483647;
			files = (
			);
			runOnlyForDeploymentPostprocessing = 0;
		};
/* End PBXFrameworksBuildPhase section */

/* Begin PBXGroup section */
		2268CB1D1CC435270018405F /* MaintenanceReminders */ = {
			isa = PBXGroup;
			children = (
				22B8B7401CBEE7AE00B037C3 /* CreateReminderViewController.swift */,
				22B8B7421CBEEF8B00B037C3 /* MaintenanceTableViewController.swift */,
				22B8B7441CBEEF9E00B037C3 /* MaintenanceTableViewCell.swift */,
			);
			name = MaintenanceReminders;
			sourceTree = "<group>";
		};
		AE234A361CC2B42B00C21BC7 /* GarageMenu */ = {
			isa = PBXGroup;
			children = (
				22D655C01C9D1D3300F06E00 /* CarTableViewController.swift */,
				22D655BC1C9D193D00F06E00 /* CarTableViewCell.swift */,
				22D655C41CA1B93500F06E00 /* AddCarViewController.swift */,
			);
			name = GarageMenu;
			sourceTree = "<group>";
		};
		AE234A961CC2E35C00C21BC7 /* GasMileageTab */ = {
			isa = PBXGroup;
			children = (
				AE95CC3A1CC875410007A447 /* FillupTableViewCell.swift */,
				228A975C1CCA70570025AA6C /* FillupTableViewController.swift */,
				AE234A941CC2E31800C21BC7 /* AddGasFillupViewController.swift */,
				AE234A921CC2DEA500C21BC7 /* GasFillup.swift */,
				AE234A901CC2CD6E00C21BC7 /* GasMileageViewController.swift */,
			);
			name = GasMileageTab;
			sourceTree = "<group>";
		};
		AEA8F3BD1C822E6500C16E70 = {
			isa = PBXGroup;
			children = (
				AEA8F3C81C822E6500C16E70 /* CarKeeper1.0 */,
				AEA8F3DF1C822E6500C16E70 /* CarKeeper1.0Tests */,
				AEA8F3EA1C822E6500C16E70 /* CarKeeper1.0UITests */,
				AEA8F3C71C822E6500C16E70 /* Products */,
			);
			sourceTree = "<group>";
		};
		AEA8F3C71C822E6500C16E70 /* Products */ = {
			isa = PBXGroup;
			children = (
				AEA8F3C61C822E6500C16E70 /* CarKeeper1.0.app */,
				AEA8F3DC1C822E6500C16E70 /* CarKeeper1.0Tests.xctest */,
				AEA8F3E71C822E6500C16E70 /* CarKeeper1.0UITests.xctest */,
			);
			name = Products;
			sourceTree = "<group>";
		};
		AEA8F3C81C822E6500C16E70 /* CarKeeper1.0 */ = {
			isa = PBXGroup;
			children = (
				35A43F2C1CC70C9A00711811 /* AddRecordsViewController.swift */,
				AEA8F3C91C822E6500C16E70 /* AppDelegate.swift */,
				AEA8F3D21C822E6500C16E70 /* Assets.xcassets */,
				AE234A361CC2B42B00C21BC7 /* GarageMenu */,
				AE234A961CC2E35C00C21BC7 /* GasMileageTab */,
				AEA8F3D71C822E6500C16E70 /* Info.plist */,
				AEA8F3D41C822E6500C16E70 /* LaunchScreen.storyboard */,
				AEA8F3CF1C822E6500C16E70 /* Main.storyboard */,
				2268CB1D1CC435270018405F /* MaintenanceReminders */,
				22D655C21C9D1DD200F06E00 /* MyCars.swift */,
				22B8B7461CBEF65900B037C3 /* MyReminders.swift */,
				35A43F2E1CC70DF700711811 /* RecordsTableViewController.swift */,
				AE73B5481CC5E95B008D91B9 /* TabBarController.swift */,
			);
			path = CarKeeper1.0;
			sourceTree = "<group>";
		};
		AEA8F3DF1C822E6500C16E70 /* CarKeeper1.0Tests */ = {
			isa = PBXGroup;
			children = (
				AEA8F3E01C822E6500C16E70 /* CarKeeper1_0Tests.swift */,
				AEA8F3E21C822E6500C16E70 /* Info.plist */,
			);
			path = CarKeeper1.0Tests;
			sourceTree = "<group>";
		};
		AEA8F3EA1C822E6500C16E70 /* CarKeeper1.0UITests */ = {
			isa = PBXGroup;
			children = (
				AEA8F3EB1C822E6500C16E70 /* CarKeeper1_0UITests.swift */,
				AEA8F3ED1C822E6500C16E70 /* Info.plist */,
			);
			path = CarKeeper1.0UITests;
			sourceTree = "<group>";
		};
/* End PBXGroup section */

/* Begin PBXNativeTarget section */
		AEA8F3C51C822E6500C16E70 /* CarKeeper1.0 */ = {
			isa = PBXNativeTarget;
			buildConfigurationList = AEA8F3F01C822E6500C16E70 /* Build configuration list for PBXNativeTarget "CarKeeper1.0" */;
			buildPhases = (
				AEA8F3C21C822E6500C16E70 /* Sources */,
				AEA8F3C31C822E6500C16E70 /* Frameworks */,
				AEA8F3C41C822E6500C16E70 /* Resources */,
				AE234A4C1CC2B8B400C21BC7 /* Embed Frameworks */,
			);
			buildRules = (
			);
			dependencies = (
			);
			name = CarKeeper1.0;
			productName = CarKeeper1.0;
			productReference = AEA8F3C61C822E6500C16E70 /* CarKeeper1.0.app */;
			productType = "com.apple.product-type.application";
		};
		AEA8F3DB1C822E6500C16E70 /* CarKeeper1.0Tests */ = {
			isa = PBXNativeTarget;
			buildConfigurationList = AEA8F3F31C822E6500C16E70 /* Build configuration list for PBXNativeTarget "CarKeeper1.0Tests" */;
			buildPhases = (
				AEA8F3D81C822E6500C16E70 /* Sources */,
				AEA8F3D91C822E6500C16E70 /* Frameworks */,
				AEA8F3DA1C822E6500C16E70 /* Resources */,
			);
			buildRules = (
			);
			dependencies = (
				AEA8F3DE1C822E6500C16E70 /* PBXTargetDependency */,
			);
			name = CarKeeper1.0Tests;
			productName = CarKeeper1.0Tests;
			productReference = AEA8F3DC1C822E6500C16E70 /* CarKeeper1.0Tests.xctest */;
			productType = "com.apple.product-type.bundle.unit-test";
		};
		AEA8F3E61C822E6500C16E70 /* CarKeeper1.0UITests */ = {
			isa = PBXNativeTarget;
			buildConfigurationList = AEA8F3F61C822E6500C16E70 /* Build configuration list for PBXNativeTarget "CarKeeper1.0UITests" */;
			buildPhases = (
				AEA8F3E31C822E6500C16E70 /* Sources */,
				AEA8F3E41C822E6500C16E70 /* Frameworks */,
				AEA8F3E51C822E6500C16E70 /* Resources */,
			);
			buildRules = (
			);
			dependencies = (
				AEA8F3E91C822E6500C16E70 /* PBXTargetDependency */,
			);
			name = CarKeeper1.0UITests;
			productName = CarKeeper1.0UITests;
			productReference = AEA8F3E71C822E6500C16E70 /* CarKeeper1.0UITests.xctest */;
			productType = "com.apple.product-type.bundle.ui-testing";
		};
/* End PBXNativeTarget section */

/* Begin PBXProject section */
		AEA8F3BE1C822E6500C16E70 /* Project object */ = {
			isa = PBXProject;
			attributes = {
				LastSwiftUpdateCheck = 0720;
				LastUpgradeCheck = 0720;
				ORGANIZATIONNAME = Alto;
				TargetAttributes = {
					AEA8F3C51C822E6500C16E70 = {
						CreatedOnToolsVersion = 7.2.1;
						DevelopmentTeam = 9WLS8BHRH5;
					};
					AEA8F3DB1C822E6500C16E70 = {
						CreatedOnToolsVersion = 7.2.1;
						TestTargetID = AEA8F3C51C822E6500C16E70;
					};
					AEA8F3E61C822E6500C16E70 = {
						CreatedOnToolsVersion = 7.2.1;
						TestTargetID = AEA8F3C51C822E6500C16E70;
					};
				};
			};
			buildConfigurationList = AEA8F3C11C822E6500C16E70 /* Build configuration list for PBXProject "CarKeeper1.0" */;
			compatibilityVersion = "Xcode 3.2";
			developmentRegion = English;
			hasScannedForEncodings = 0;
			knownRegions = (
				en,
				Base,
			);
			mainGroup = AEA8F3BD1C822E6500C16E70;
			productRefGroup = AEA8F3C71C822E6500C16E70 /* Products */;
			projectDirPath = "";
			projectRoot = "";
			targets = (
				AEA8F3C51C822E6500C16E70 /* CarKeeper1.0 */,
				AEA8F3DB1C822E6500C16E70 /* CarKeeper1.0Tests */,
				AEA8F3E61C822E6500C16E70 /* CarKeeper1.0UITests */,
			);
		};
/* End PBXProject section */

/* Begin PBXResourcesBuildPhase section */
		AEA8F3C41C822E6500C16E70 /* Resources */ = {
			isa = PBXResourcesBuildPhase;
			buildActionMask = 2147483647;
			files = (
				AEA8F3D61C822E6500C16E70 /* LaunchScreen.storyboard in Resources */,
				AEA8F3D31C822E6500C16E70 /* Assets.xcassets in Resources */,
				AEA8F3D11C822E6500C16E70 /* Main.storyboard in Resources */,
			);
			runOnlyForDeploymentPostprocessing = 0;
		};
		AEA8F3DA1C822E6500C16E70 /* Resources */ = {
			isa = PBXResourcesBuildPhase;
			buildActionMask = 2147483647;
			files = (
			);
			runOnlyForDeploymentPostprocessing = 0;
		};
		AEA8F3E51C822E6500C16E70 /* Resources */ = {
			isa = PBXResourcesBuildPhase;
			buildActionMask = 2147483647;
			files = (
			);
			runOnlyForDeploymentPostprocessing = 0;
		};
/* End PBXResourcesBuildPhase section */

/* Begin PBXSourcesBuildPhase section */
		AEA8F3C21C822E6500C16E70 /* Sources */ = {
			isa = PBXSourcesBuildPhase;
			buildActionMask = 2147483647;
			files = (
				AE234A951CC2E31800C21BC7 /* AddGasFillupViewController.swift in Sources */,
				22D655C11C9D1D3300F06E00 /* CarTableViewController.swift in Sources */,
				AEA8F3CA1C822E6500C16E70 /* AppDelegate.swift in Sources */,
				AE95CC3B1CC875410007A447 /* FillupTableViewCell.swift in Sources */,
				228A975D1CCA70570025AA6C /* FillupTableViewController.swift in Sources */,
				35A43F2F1CC70DF700711811 /* RecordsTableViewController.swift in Sources */,
				22D655BD1C9D193D00F06E00 /* CarTableViewCell.swift in Sources */,
				AE234A911CC2CD6E00C21BC7 /* GasMileageViewController.swift in Sources */,
				35A43F2D1CC70C9A00711811 /* AddRecordsViewController.swift in Sources */,
				22B8B7471CBEF65900B037C3 /* MyReminders.swift in Sources */,
				AE234A931CC2DEA500C21BC7 /* GasFillup.swift in Sources */,
				22D655C51CA1B93500F06E00 /* AddCarViewController.swift in Sources */,
				22B8B7451CBEEF9E00B037C3 /* MaintenanceTableViewCell.swift in Sources */,
				22D655C31C9D1DD200F06E00 /* MyCars.swift in Sources */,
				AE73B5491CC5E95B008D91B9 /* TabBarController.swift in Sources */,
				22B8B7411CBEE7AE00B037C3 /* CreateReminderViewController.swift in Sources */,
				22B8B7431CBEEF8B00B037C3 /* MaintenanceTableViewController.swift in Sources */,
			);
			runOnlyForDeploymentPostprocessing = 0;
		};
		AEA8F3D81C822E6500C16E70 /* Sources */ = {
			isa = PBXSourcesBuildPhase;
			buildActionMask = 2147483647;
			files = (
				AEA8F3E11C822E6500C16E70 /* CarKeeper1_0Tests.swift in Sources */,
			);
			runOnlyForDeploymentPostprocessing = 0;
		};
		AEA8F3E31C822E6500C16E70 /* Sources */ = {
			isa = PBXSourcesBuildPhase;
			buildActionMask = 2147483647;
			files = (
				AEA8F3EC1C822E6500C16E70 /* CarKeeper1_0UITests.swift in Sources */,
			);
			runOnlyForDeploymentPostprocessing = 0;
		};
/* End PBXSourcesBuildPhase section */

/* Begin PBXTargetDependency section */
		AEA8F3DE1C822E6500C16E70 /* PBXTargetDependency */ = {
			isa = PBXTargetDependency;
			target = AEA8F3C51C822E6500C16E70 /* CarKeeper1.0 */;
			targetProxy = AEA8F3DD1C822E6500C16E70 /* PBXContainerItemProxy */;
		};
		AEA8F3E91C822E6500C16E70 /* PBXTargetDependency */ = {
			isa = PBXTargetDependency;
			target = AEA8F3C51C822E6500C16E70 /* CarKeeper1.0 */;
			targetProxy = AEA8F3E81C822E6500C16E70 /* PBXContainerItemProxy */;
		};
/* End PBXTargetDependency section */

/* Begin PBXVariantGroup section */
		AEA8F3CF1C822E6500C16E70 /* Main.storyboard */ = {
			isa = PBXVariantGroup;
			children = (
				AEA8F3D01C822E6500C16E70 /* Base */,
			);
			name = Main.storyboard;
			sourceTree = "<group>";
		};
		AEA8F3D41C822E6500C16E70 /* LaunchScreen.storyboard */ = {
			isa = PBXVariantGroup;
			children = (
				AEA8F3D51C822E6500C16E70 /* Base */,
			);
			name = LaunchScreen.storyboard;
			sourceTree = "<group>";
		};
/* End PBXVariantGroup section */

/* Begin XCBuildConfiguration section */
		AEA8F3EE1C822E6500C16E70 /* Debug */ = {
			isa = XCBuildConfiguration;
			buildSettings = {
				ALWAYS_SEARCH_USER_PATHS = NO;
				CLANG_CXX_LANGUAGE_STANDARD = "gnu++0x";
				CLANG_CXX_LIBRARY = "libc++";
				CLANG_ENABLE_MODULES = YES;
				CLANG_ENABLE_OBJC_ARC = YES;
				CLANG_WARN_BOOL_CONVERSION = YES;
				CLANG_WARN_CONSTANT_CONVERSION = YES;
				CLANG_WARN_DIRECT_OBJC_ISA_USAGE = YES_ERROR;
				CLANG_WARN_EMPTY_BODY = YES;
				CLANG_WARN_ENUM_CONVERSION = YES;
				CLANG_WARN_INT_CONVERSION = YES;
				CLANG_WARN_OBJC_ROOT_CLASS = YES_ERROR;
				CLANG_WARN_UNREACHABLE_CODE = YES;
				CLANG_WARN__DUPLICATE_METHOD_MATCH = YES;
				"CODE_SIGN_IDENTITY[sdk=iphoneos*]" = "iPhone Developer";
				COPY_PHASE_STRIP = NO;
				DEBUG_INFORMATION_FORMAT = dwarf;
				ENABLE_STRICT_OBJC_MSGSEND = YES;
				ENABLE_TESTABILITY = YES;
				GCC_C_LANGUAGE_STANDARD = gnu99;
				GCC_DYNAMIC_NO_PIC = NO;
				GCC_NO_COMMON_BLOCKS = YES;
				GCC_OPTIMIZATION_LEVEL = 0;
				GCC_PREPROCESSOR_DEFINITIONS = (
					"DEBUG=1",
					"$(inherited)",
				);
				GCC_WARN_64_TO_32_BIT_CONVERSION = YES;
				GCC_WARN_ABOUT_RETURN_TYPE = YES_ERROR;
				GCC_WARN_UNDECLARED_SELECTOR = YES;
				GCC_WARN_UNINITIALIZED_AUTOS = YES_AGGRESSIVE;
				GCC_WARN_UNUSED_FUNCTION = YES;
				GCC_WARN_UNUSED_VARIABLE = YES;
				IPHONEOS_DEPLOYMENT_TARGET = 9.2;
				MTL_ENABLE_DEBUG_INFO = YES;
				ONLY_ACTIVE_ARCH = YES;
				SDKROOT = iphoneos;
				SWIFT_OPTIMIZATION_LEVEL = "-Onone";
			};
			name = Debug;
		};
		AEA8F3EF1C822E6500C16E70 /* Release */ = {
			isa = XCBuildConfiguration;
			buildSettings = {
				ALWAYS_SEARCH_USER_PATHS = NO;
				CLANG_CXX_LANGUAGE_STANDARD = "gnu++0x";
				CLANG_CXX_LIBRARY = "libc++";
				CLANG_ENABLE_MODULES = YES;
				CLANG_ENABLE_OBJC_ARC = YES;
				CLANG_WARN_BOOL_CONVERSION = YES;
				CLANG_WARN_CONSTANT_CONVERSION = YES;
				CLANG_WARN_DIRECT_OBJC_ISA_USAGE = YES_ERROR;
				CLANG_WARN_EMPTY_BODY = YES;
				CLANG_WARN_ENUM_CONVERSION = YES;
				CLANG_WARN_INT_CONVERSION = YES;
				CLANG_WARN_OBJC_ROOT_CLASS = YES_ERROR;
				CLANG_WARN_UNREACHABLE_CODE = YES;
				CLANG_WARN__DUPLICATE_METHOD_MATCH = YES;
				"CODE_SIGN_IDENTITY[sdk=iphoneos*]" = "iPhone Developer";
				COPY_PHASE_STRIP = NO;
				DEBUG_INFORMATION_FORMAT = "dwarf-with-dsym";
				ENABLE_NS_ASSERTIONS = NO;
				ENABLE_STRICT_OBJC_MSGSEND = YES;
				GCC_C_LANGUAGE_STANDARD = gnu99;
				GCC_NO_COMMON_BLOCKS = YES;
				GCC_WARN_64_TO_32_BIT_CONVERSION = YES;
				GCC_WARN_ABOUT_RETURN_TYPE = YES_ERROR;
				GCC_WARN_UNDECLARED_SELECTOR = YES;
				GCC_WARN_UNINITIALIZED_AUTOS = YES_AGGRESSIVE;
				GCC_WARN_UNUSED_FUNCTION = YES;
				GCC_WARN_UNUSED_VARIABLE = YES;
				IPHONEOS_DEPLOYMENT_TARGET = 9.2;
				MTL_ENABLE_DEBUG_INFO = NO;
				SDKROOT = iphoneos;
				VALIDATE_PRODUCT = YES;
			};
			name = Release;
		};
		AEA8F3F11C822E6500C16E70 /* Debug */ = {
			isa = XCBuildConfiguration;
			buildSettings = {
				ASSETCATALOG_COMPILER_APPICON_NAME = AppIcon;
				CODE_SIGN_IDENTITY = "iPhone Developer";
				"CODE_SIGN_IDENTITY[sdk=iphoneos*]" = "iPhone Developer";
				EMBEDDED_CONTENT_CONTAINS_SWIFT = YES;
				INFOPLIST_FILE = CarKeeper1.0/Info.plist;
				LD_RUNPATH_SEARCH_PATHS = "$(inherited) @executable_path/Frameworks";
				PRODUCT_BUNDLE_IDENTIFIER = "Alto.CarKeeper1-0";
				PRODUCT_NAME = "$(TARGET_NAME)";
				PROVISIONING_PROFILE = "";
			};
			name = Debug;
		};
		AEA8F3F21C822E6500C16E70 /* Release */ = {
			isa = XCBuildConfiguration;
			buildSettings = {
				ASSETCATALOG_COMPILER_APPICON_NAME = AppIcon;
				CODE_SIGN_IDENTITY = "iPhone Developer";
				"CODE_SIGN_IDENTITY[sdk=iphoneos*]" = "iPhone Developer";
				EMBEDDED_CONTENT_CONTAINS_SWIFT = YES;
				INFOPLIST_FILE = CarKeeper1.0/Info.plist;
				LD_RUNPATH_SEARCH_PATHS = "$(inherited) @executable_path/Frameworks";
				PRODUCT_BUNDLE_IDENTIFIER = "Alto.CarKeeper1-0";
				PRODUCT_NAME = "$(TARGET_NAME)";
				PROVISIONING_PROFILE = "";
			};
			name = Release;
		};
		AEA8F3F41C822E6500C16E70 /* Debug */ = {
			isa = XCBuildConfiguration;
			buildSettings = {
				BUNDLE_LOADER = "$(TEST_HOST)";
				INFOPLIST_FILE = CarKeeper1.0Tests/Info.plist;
				LD_RUNPATH_SEARCH_PATHS = "$(inherited) @executable_path/Frameworks @loader_path/Frameworks";
				PRODUCT_BUNDLE_IDENTIFIER = "Alto.CarKeeper1-0Tests";
				PRODUCT_NAME = "$(TARGET_NAME)";
				TEST_HOST = "$(BUILT_PRODUCTS_DIR)/CarKeeper1.0.app/CarKeeper1.0";
			};
			name = Debug;
		};
		AEA8F3F51C822E6500C16E70 /* Release */ = {
			isa = XCBuildConfiguration;
			buildSettings = {
				BUNDLE_LOADER = "$(TEST_HOST)";
				INFOPLIST_FILE = CarKeeper1.0Tests/Info.plist;
				LD_RUNPATH_SEARCH_PATHS = "$(inherited) @executable_path/Frameworks @loader_path/Frameworks";
				PRODUCT_BUNDLE_IDENTIFIER = "Alto.CarKeeper1-0Tests";
				PRODUCT_NAME = "$(TARGET_NAME)";
				TEST_HOST = "$(BUILT_PRODUCTS_DIR)/CarKeeper1.0.app/CarKeeper1.0";
			};
			name = Release;
		};
		AEA8F3F71C822E6500C16E70 /* Debug */ = {
			isa = XCBuildConfiguration;
			buildSettings = {
				INFOPLIST_FILE = CarKeeper1.0UITests/Info.plist;
				LD_RUNPATH_SEARCH_PATHS = "$(inherited) @executable_path/Frameworks @loader_path/Frameworks";
				PRODUCT_BUNDLE_IDENTIFIER = "Alto.CarKeeper1-0UITests";
				PRODUCT_NAME = "$(TARGET_NAME)";
				TEST_TARGET_NAME = CarKeeper1.0;
				USES_XCTRUNNER = YES;
			};
			name = Debug;
		};
		AEA8F3F81C822E6500C16E70 /* Release */ = {
			isa = XCBuildConfiguration;
			buildSettings = {
				INFOPLIST_FILE = CarKeeper1.0UITests/Info.plist;
				LD_RUNPATH_SEARCH_PATHS = "$(inherited) @executable_path/Frameworks @loader_path/Frameworks";
				PRODUCT_BUNDLE_IDENTIFIER = "Alto.CarKeeper1-0UITests";
				PRODUCT_NAME = "$(TARGET_NAME)";
				TEST_TARGET_NAME = CarKeeper1.0;
				USES_XCTRUNNER = YES;
			};
			name = Release;
		};
/* End XCBuildConfiguration section */

/* Begin XCConfigurationList section */
		AEA8F3C11C822E6500C16E70 /* Build configuration list for PBXProject "CarKeeper1.0" */ = {
			isa = XCConfigurationList;
			buildConfigurations = (
				AEA8F3EE1C822E6500C16E70 /* Debug */,
				AEA8F3EF1C822E6500C16E70 /* Release */,
			);
			defaultConfigurationIsVisible = 0;
			defaultConfigurationName = Release;
		};
		AEA8F3F01C822E6500C16E70 /* Build configuration list for PBXNativeTarget "CarKeeper1.0" */ = {
			isa = XCConfigurationList;
			buildConfigurations = (
				AEA8F3F11C822E6500C16E70 /* Debug */,
				AEA8F3F21C822E6500C16E70 /* Release */,
			);
			defaultConfigurationIsVisible = 0;
			defaultConfigurationName = Release;
		};
		AEA8F3F31C822E6500C16E70 /* Build configuration list for PBXNativeTarget "CarKeeper1.0Tests" */ = {
			isa = XCConfigurationList;
			buildConfigurations = (
				AEA8F3F41C822E6500C16E70 /* Debug */,
				AEA8F3F51C822E6500C16E70 /* Release */,
			);
			defaultConfigurationIsVisible = 0;
			defaultConfigurationName = Release;
		};
		AEA8F3F61C822E6500C16E70 /* Build configuration list for PBXNativeTarget "CarKeeper1.0UITests" */ = {
			isa = XCConfigurationList;
			buildConfigurations = (
				AEA8F3F71C822E6500C16E70 /* Debug */,
				AEA8F3F81C822E6500C16E70 /* Release */,
			);
			defaultConfigurationIsVisible = 0;
			defaultConfigurationName = Release;
		};
/* End XCConfigurationList section */
	};
	rootObject = AEA8F3BE1C822E6500C16E70 /* Project object */;
}
